<?xml version="1.0" encoding="utf-8"?>
<Project ToolsVersion="4.0" xmlns="http://schemas.microsoft.com/developer/msbuild/2003">
  <ItemGroup>
    <Filter Include="Source Files">
      <UniqueIdentifier>{4FC737F1-C7A5-4376-A066-2A32D752A2FF}</UniqueIdentifier>
      <Extensions>cpp;c;cc;cxx;def;odl;idl;hpj;bat;asm;asmx</Extensions>
    </Filter>
    <Filter Include="Header Files">
      <UniqueIdentifier>{93995380-89BD-4b04-88EB-625FBE52EBFB}</UniqueIdentifier>
      <Extensions>h;hh;hpp;hxx;hm;inl;inc;xsd</Extensions>
    </Filter>
    <Filter Include="Resource Files">
      <UniqueIdentifier>{67DA6AB6-F800-4c08-8B7A-83BB121AAD01}</UniqueIdentifier>
      <Extensions>rc;ico;cur;bmp;dlg;rc2;rct;bin;rgs;gif;jpg;jpeg;jpe;resx;tiff;tif;png;wav;mfcribbon-ms</Extensions>
    </Filter>
    <Filter Include="Shader">
      <UniqueIdentifier>{b7c4cc4c-ebdc-48cb-b6eb-94d212f524f7}</UniqueIdentifier>
    </Filter>
    <Filter Include="Source Files\Engine">
      <UniqueIdentifier>{3dd4ab4a-568e-4453-b21e-40b5987ed842}</UniqueIdentifier>
    </Filter>
    <Filter Include="Source Files\Engine\Components">
      <UniqueIdentifier>{717e3e8d-5c40-4f08-9cb7-f16d1f68db7f}</UniqueIdentifier>
    </Filter>
    <Filter Include="Source Files\Engine\Input">
      <UniqueIdentifier>{daf243b1-f01b-483d-b18d-a80675571440}</UniqueIdentifier>
    </Filter>
    <Filter Include="Header Files\Engine">
      <UniqueIdentifier>{5dcb9619-329a-4d1d-aca4-5d70f92bfee3}</UniqueIdentifier>
    </Filter>
    <Filter Include="Header Files\Engine\Components">
      <UniqueIdentifier>{cde27f0a-9427-4a0d-ae72-a3a3414e4bf5}</UniqueIdentifier>
    </Filter>
    <Filter Include="Header Files\Engine\Input">
      <UniqueIdentifier>{6dd4d4b9-df33-413e-853a-62d541d5ec86}</UniqueIdentifier>
    </Filter>
    <Filter Include="Header Files\External">
      <UniqueIdentifier>{8e8c3304-9dbd-442e-8d7e-1c1620c0439b}</UniqueIdentifier>
    </Filter>
    <Filter Include="Source Files\External">
      <UniqueIdentifier>{b3305841-23a3-471a-9528-625f714c76b4}</UniqueIdentifier>
    </Filter>
    <Filter Include="Header Files\Game">
      <UniqueIdentifier>{aed2983d-e0ad-4452-ab9b-43ab6116195b}</UniqueIdentifier>
    </Filter>
    <Filter Include="Source Files\Game">
      <UniqueIdentifier>{61560d17-180d-4351-b05b-eee39da38dd0}</UniqueIdentifier>
    </Filter>
    <Filter Include="Header Files\Engine\Resource">
      <UniqueIdentifier>{6add113a-4d6b-4eba-81f3-48735f47728e}</UniqueIdentifier>
    </Filter>
    <Filter Include="Source Files\Engine\Resource">
      <UniqueIdentifier>{ed08cc05-1e45-457b-81ae-882c54a4d7bd}</UniqueIdentifier>
    </Filter>
    <Filter Include="Header Files\Engine\CoreSystem">
      <UniqueIdentifier>{17936b59-b3dc-44ee-abeb-23ca621e0d8d}</UniqueIdentifier>
    </Filter>
    <Filter Include="Header Files\Engine\RenderingEngine">
      <UniqueIdentifier>{55879512-ca0f-4e97-b877-59fcd7f170f4}</UniqueIdentifier>
    </Filter>
    <Filter Include="Source Files\Engine\CoreSystem">
      <UniqueIdentifier>{23486c9f-285c-470e-aa9c-4c2c4ab361d7}</UniqueIdentifier>
    </Filter>
    <Filter Include="Source Files\Engine\RenderingEngine">
      <UniqueIdentifier>{dbc65bee-98d7-4940-9719-1e1de0dd1514}</UniqueIdentifier>
    </Filter>
    <Filter Include="Header Files\Engine\SceneGraph">
      <UniqueIdentifier>{b1e6bdb4-39be-42f4-b75c-60c0c868cd81}</UniqueIdentifier>
    </Filter>
    <Filter Include="Source Files\Engine\SceneGraph">
      <UniqueIdentifier>{69ac563e-6367-4fc0-b358-23af3f3f131e}</UniqueIdentifier>
    </Filter>
    <Filter Include="Header Files\Engine\Effect">
      <UniqueIdentifier>{c8fb9a87-3795-4e89-beac-73d79c16704e}</UniqueIdentifier>
    </Filter>
    <Filter Include="Source Files\Engine\Effect">
      <UniqueIdentifier>{185c4560-521f-40c2-83fb-4a60a66f20fe}</UniqueIdentifier>
    </Filter>
    <Filter Include="Header Files\Engine\GameWorld">
      <UniqueIdentifier>{83b99a3f-bd72-4545-8217-6e087d86df81}</UniqueIdentifier>
    </Filter>
    <Filter Include="Source Files\Engine\GameWorld">
      <UniqueIdentifier>{e267522c-6a4e-415c-ab2f-47d94e2e76ca}</UniqueIdentifier>
    </Filter>
    <Filter Include="Header Files\Engine\AssetPipeline">
      <UniqueIdentifier>{ceeb9ea6-b933-4b1b-896f-9c6c1fcd7a6a}</UniqueIdentifier>
    </Filter>
    <Filter Include="Source Files\Engine\AssetPipeline">
      <UniqueIdentifier>{c3f979c8-01b2-481e-8034-d91e83badbb4}</UniqueIdentifier>
    </Filter>
  </ItemGroup>
  <ItemGroup>
    <Text Include="ReadMe.txt" />
  </ItemGroup>
  <ItemGroup>
    <ClInclude Include="stdafx.h">
      <Filter>Header Files</Filter>
    </ClInclude>
    <ClInclude Include="targetver.h">
      <Filter>Header Files</Filter>
    </ClInclude>
    <ClInclude Include="Resource.h">
      <Filter>Header Files</Filter>
    </ClInclude>
    <ClInclude Include="UCommon.h">
      <Filter>Header Files</Filter>
    </ClInclude>
    <ClInclude Include="GameButton.h">
      <Filter>Header Files\Engine\Input</Filter>
    </ClInclude>
    <ClInclude Include="GameController.h">
      <Filter>Header Files\Engine\Input</Filter>
    </ClInclude>
    <ClInclude Include="GameButtonWAsync.h">
      <Filter>Header Files\Engine\Input</Filter>
    </ClInclude>
    <ClInclude Include="Camera.h">
      <Filter>Header Files\Engine\Components</Filter>
    </ClInclude>
    <ClInclude Include="Component.h">
      <Filter>Header Files\Engine\Components</Filter>
    </ClInclude>
    <ClInclude Include="GameObject.h">
      <Filter>Header Files\Engine\Components</Filter>
    </ClInclude>
    <ClInclude Include="Mesh.h">
      <Filter>Header Files\Engine\Components</Filter>
    </ClInclude>
    <ClInclude Include="Transform.h">
      <Filter>Header Files\Engine\Components</Filter>
    </ClInclude>
    <ClInclude Include="DDSTextureLoader\DDSTextureLoader.h">
      <Filter>Header Files\External</Filter>
    </ClInclude>
    <ClInclude Include="WICTextureLoader\WICTextureLoader.h">
      <Filter>Header Files\External</Filter>
    </ClInclude>
    <ClInclude Include="Time.h">
      <Filter>Header Files\Engine\Components</Filter>
    </ClInclude>
    <ClInclude Include="GameMouseButtonWAsync.h">
      <Filter>Header Files\Engine\Input</Filter>
    </ClInclude>
    <ClInclude Include="DX11.h">
      <Filter>Header Files\Game</Filter>
    </ClInclude>
    <ClInclude Include="D3D11User.h">
      <Filter>Header Files\Engine</Filter>
    </ClInclude>
    <ClInclude Include="FrameTes.h">
      <Filter>Header Files\Engine</Filter>
    </ClInclude>
    <ClInclude Include="Debug.h">
      <Filter>Header Files\Engine</Filter>
    </ClInclude>
    <ClInclude Include="InputOperator.h">
      <Filter>Header Files\Game</Filter>
    </ClInclude>
    <ClInclude Include="InputOperatorCamera.h">
      <Filter>Header Files\Game</Filter>
    </ClInclude>
    <ClInclude Include="Animation.h">
      <Filter>Header Files</Filter>
    </ClInclude>
    <ClInclude Include="MeshInstance.h">
      <Filter>Header Files</Filter>
    </ClInclude>
    <ClInclude Include="Renderer.h">
      <Filter>Header Files\Engine\Components</Filter>
    </ClInclude>
    <ClInclude Include="RenderingEngine.h">
      <Filter>Header Files\Engine\RenderingEngine</Filter>
    </ClInclude>
    <ClInclude Include="RenderQue.h">
      <Filter>Header Files\Engine\RenderingEngine</Filter>
    </ClInclude>
    <ClInclude Include="ShaderCompiler.h">
      <Filter>Header Files\Engine\Resource</Filter>
    </ClInclude>
    <ClInclude Include="Level.h">
      <Filter>Header Files\Engine\Resource</Filter>
    </ClInclude>
    <ClInclude Include="Material.h">
      <Filter>Header Files\Engine\RenderingEngine</Filter>
    </ClInclude>
    <ClInclude Include="Shader.h">
      <Filter>Header Files\Engine\RenderingEngine</Filter>
    </ClInclude>
    <ClInclude Include="FBXSDKMeshLoader.h">
      <Filter>Header Files\Engine\AssetPipeline</Filter>
    </ClInclude>
    <ClInclude Include="Quaternion.h">
      <Filter>Header Files\Engine\CoreSystem</Filter>
    </ClInclude>
    <ClInclude Include="GameWorld.h">
      <Filter>Header Files\Engine\GameWorld</Filter>
    </ClInclude>
    <ClInclude Include="PlaneMeshFactory.h">
      <Filter>Header Files\Engine\GameWorld</Filter>
    </ClInclude>
    <ClInclude Include="PrimitiveMeshFactory.h">
      <Filter>Header Files\Engine\GameWorld</Filter>
    </ClInclude>
    <ClInclude Include="Spawner.h">
      <Filter>Header Files\Engine\GameWorld</Filter>
    </ClInclude>
    <ClInclude Include="FPSCounter.h">
      <Filter>Header Files\Engine\CoreSystem</Filter>
    </ClInclude>
    <ClInclude Include="Utility.h">
      <Filter>Header Files\Engine\CoreSystem</Filter>
    </ClInclude>
  </ItemGroup>
  <ItemGroup>
    <ClCompile Include="stdafx.cpp">
      <Filter>Source Files</Filter>
    </ClCompile>
    <ClCompile Include="Utility.cpp">
      <Filter>Source Files</Filter>
    </ClCompile>
    <ClCompile Include="FPSCounter.cpp">
      <Filter>Source Files</Filter>
    </ClCompile>
    <ClCompile Include="GameButton.cpp">
      <Filter>Source Files\Engine\Input</Filter>
    </ClCompile>
    <ClCompile Include="GameController.cpp">
      <Filter>Source Files\Engine\Input</Filter>
    </ClCompile>
    <ClCompile Include="GameButtonWAsync.cpp">
      <Filter>Source Files\Engine\Input</Filter>
    </ClCompile>
    <ClCompile Include="Component.cpp">
      <Filter>Source Files\Engine\Components</Filter>
    </ClCompile>
    <ClCompile Include="GameObject.cpp">
      <Filter>Source Files\Engine\Components</Filter>
    </ClCompile>
    <ClCompile Include="Mesh.cpp">
      <Filter>Source Files\Engine\Components</Filter>
    </ClCompile>
    <ClCompile Include="Material.cpp">
      <Filter>Source Files\Engine\Components</Filter>
    </ClCompile>
    <ClCompile Include="Shader.cpp">
      <Filter>Source Files\Engine\Components</Filter>
    </ClCompile>
    <ClCompile Include="Transform.cpp">
      <Filter>Source Files\Engine\Components</Filter>
    </ClCompile>
    <ClCompile Include="DDSTextureLoader\DDSTextureLoader.cpp">
      <Filter>Source Files\External</Filter>
    </ClCompile>
    <ClCompile Include="WICTextureLoader\WICTextureLoader.cpp">
      <Filter>Source Files\External</Filter>
    </ClCompile>
    <ClCompile Include="Camera.cpp">
      <Filter>Source Files\Engine\Components</Filter>
    </ClCompile>
    <ClCompile Include="Time.cpp">
      <Filter>Source Files\Engine\Components</Filter>
    </ClCompile>
    <ClCompile Include="FrameTes.cpp">
      <Filter>Source Files</Filter>
    </ClCompile>
    <ClCompile Include="DX11.cpp">
      <Filter>Source Files\Game</Filter>
    </ClCompile>
    <ClCompile Include="Debug.cpp">
      <Filter>Source Files\Engine</Filter>
    </ClCompile>
    <ClCompile Include="D3D11User.cpp">
      <Filter>Source Files\Engine</Filter>
    </ClCompile>
    <ClCompile Include="GameMouseButtonWAsync.cpp">
      <Filter>Source Files\Engine\Input</Filter>
    </ClCompile>
    <ClCompile Include="InputOperator.cpp">
      <Filter>Source Files\Game</Filter>
    </ClCompile>
    <ClCompile Include="InputOperatorCamera.cpp">
      <Filter>Source Files\Game</Filter>
    </ClCompile>
    <ClCompile Include="Animation.cpp">
      <Filter>Source Files</Filter>
    </ClCompile>
    <ClCompile Include="MeshInstance.cpp">
      <Filter>Source Files</Filter>
    </ClCompile>
    <ClCompile Include="Renderer.cpp">
      <Filter>Source Files\Engine\Components</Filter>
    </ClCompile>
    <ClCompile Include="RenderingEngine.cpp">
      <Filter>Source Files\Engine\RenderingEngine</Filter>
    </ClCompile>
    <ClCompile Include="RenderQue.cpp">
      <Filter>Source Files\Engine\RenderingEngine</Filter>
    </ClCompile>
    <ClCompile Include="ShaderCompiler.cpp">
      <Filter>Source Files\Engine\Resource</Filter>
    </ClCompile>
    <ClCompile Include="Level.cpp">
      <Filter>Source Files\Engine\Resource</Filter>
    </ClCompile>
    <ClCompile Include="Quaternion.cpp">
      <Filter>Source Files\Engine\CoreSystem</Filter>
    </ClCompile>
    <ClCompile Include="Spawner.cpp">
      <Filter>Source Files\Engine\GameWorld</Filter>
    </ClCompile>
    <ClCompile Include="GameWorld.cpp">
      <Filter>Source Files\Engine\GameWorld</Filter>
    </ClCompile>
    <ClCompile Include="PlaneMeshFactory.cpp">
      <Filter>Source Files\Engine\GameWorld</Filter>
    </ClCompile>
    <ClCompile Include="PrimitiveMeshFactory.cpp">
      <Filter>Source Files\Engine\GameWorld</Filter>
    </ClCompile>
    <ClCompile Include="FBXSDKMeshLoader.cpp">
      <Filter>Source Files\Engine\AssetPipeline</Filter>
    </ClCompile>
  </ItemGroup>
  <ItemGroup>
    <ResourceCompile Include="DX11.rc">
      <Filter>Resource Files</Filter>
    </ResourceCompile>
  </ItemGroup>
  <ItemGroup>
    <Image Include="small.ico">
      <Filter>Resource Files</Filter>
    </Image>
    <Image Include="DX11.ico">
      <Filter>Resource Files</Filter>
    </Image>
  </ItemGroup>
  <ItemGroup>
    <FxCompile Include="DefaultDiffuse.hlsl">
      <Filter>Shader</Filter>
    </FxCompile>
    <FxCompile Include="TexturedDiffuse.hlsl">
      <Filter>Shader</Filter>
    </FxCompile>
  </ItemGroup>
</Project>